
Microsoft Visual Studio Solution File, Format Version 12.00
# Visual Studio Version 17
VisualStudioVersion = 17.3.32929.385
MinimumVisualStudioVersion = 10.0.40219.1
Project("{FAE04EC0-301F-11D3-BF4B-00C04F79EFBC}") = "SecurityApp.API", "SecurityApp.API\SecurityApp.API.csproj", "{5072AD8C-9F08-4EC7-8CD4-6E7800A003D2}"
EndProject
Global
	GlobalSection(SolutionConfigurationPlatforms) = preSolution
		Debug|Any CPU = Debug|Any CPU
		Release|Any CPU = Release|Any CPU
	EndGlobalSection
	GlobalSection(ProjectConfigurationPlatforms) = postSolution
		{5072AD8C-9F08-4EC7-8CD4-6E7800A003D2}.Debug|Any CPU.ActiveCfg = Debug|Any CPU
		{5072AD8C-9F08-4EC7-8CD4-6E7800A003D2}.Debug|Any CPU.Build.0 = Debug|Any CPU
		{5072AD8C-9F08-4EC7-8CD4-6E7800A003D2}.Release|Any CPU.ActiveCfg = Release|Any CPU
		{5072AD8C-9F08-4EC7-8CD4-6E7800A003D2}.Release|Any CPU.Build.0 = Release|Any CPU
	EndGlobalSection
	GlobalSection(SolutionProperties) = preSolution
		HideSolutionNode = FALSE
	EndGlobalSection
	GlobalSection(ExtensibilityGlobals) = postSolution
		SolutionGuid = {CEEA7A8A-A408-4CF8-854B-68E74E6EDA8F}
	EndGlobalSection
EndGlobal
